// !$*UTF8*$!
{
	archiveVersion = 1;
	classes = {
	};
	objectVersion = 70;
	objects = {

/* Begin PBXBuildFile section */
		BE01B00E2E6408CA00A6890B /* SuspendedGateView.swift in Sources */ = {isa = PBXBuildFile; fileRef = BE01B00D2E6408CA00A6890B /* SuspendedGateView.swift */; };
		BE0ABF6C2E46D5FF001268BD /* FunctionsAPI.swift in Sources */ = {isa = PBXBuildFile; fileRef = BE0ABF6B2E46D5FF001268BD /* FunctionsAPI.swift */; };
		BE0ABF6F2E46E6CA001268BD /* AIAEC in Frameworks */ = {isa = PBXBuildFile; productRef = BE0ABF6E2E46E6CA001268BD /* AIAEC */; };
		BE0ABF712E46E6CA001268BD /* AIAECLL in Frameworks */ = {isa = PBXBuildFile; productRef = BE0ABF702E46E6CA001268BD /* AIAECLL */; };
		BE0ABF732E46E6CA001268BD /* AINS in Frameworks */ = {isa = PBXBuildFile; productRef = BE0ABF722E46E6CA001268BD /* AINS */; };
		BE0ABF752E46E6CA001268BD /* AINSLL in Frameworks */ = {isa = PBXBuildFile; productRef = BE0ABF742E46E6CA001268BD /* AINSLL */; };
		BE0ABF772E46E6CA001268BD /* AudioBeauty in Frameworks */ = {isa = PBXBuildFile; productRef = BE0ABF762E46E6CA001268BD /* AudioBeauty */; };
		BE0ABF792E46E6CA001268BD /* ClearVision in Frameworks */ = {isa = PBXBuildFile; productRef = BE0ABF782E46E6CA001268BD /* ClearVision */; };
		BE0ABF7B2E46E6CA001268BD /* ContentInspect in Frameworks */ = {isa = PBXBuildFile; productRef = BE0ABF7A2E46E6CA001268BD /* ContentInspect */; };
		BE0ABF7D2E46E6CA001268BD /* FaceCapture in Frameworks */ = {isa = PBXBuildFile; productRef = BE0ABF7C2E46E6CA001268BD /* FaceCapture */; };
		BE0ABF7F2E46E6CA001268BD /* FaceDetection in Frameworks */ = {isa = PBXBuildFile; productRef = BE0ABF7E2E46E6CA001268BD /* FaceDetection */; };
		BE0ABF812E46E6CA001268BD /* LipSync in Frameworks */ = {isa = PBXBuildFile; productRef = BE0ABF802E46E6CA001268BD /* LipSync */; };
		BE0ABF832E46E6CA001268BD /* ReplayKit in Frameworks */ = {isa = PBXBuildFile; productRef = BE0ABF822E46E6CA001268BD /* ReplayKit */; };
		BE0ABF852E46E6CA001268BD /* RtcBasic in Frameworks */ = {isa = PBXBuildFile; productRef = BE0ABF842E46E6CA001268BD /* RtcBasic */; };
		BE0ABF872E46E6CA001268BD /* SpatialAudio in Frameworks */ = {isa = PBXBuildFile; productRef = BE0ABF862E46E6CA001268BD /* SpatialAudio */; };
		BE0ABF892E46E6CA001268BD /* VQA in Frameworks */ = {isa = PBXBuildFile; productRef = BE0ABF882E46E6CA001268BD /* VQA */; };
		BE0ABF8B2E46E6CA001268BD /* VideoAv1CodecDec in Frameworks */ = {isa = PBXBuildFile; productRef = BE0ABF8A2E46E6CA001268BD /* VideoAv1CodecDec */; };
		BE0ABF8D2E46E6CA001268BD /* VideoAv1CodecEnc in Frameworks */ = {isa = PBXBuildFile; productRef = BE0ABF8C2E46E6CA001268BD /* VideoAv1CodecEnc */; };
		BE0ABF8F2E46E6CA001268BD /* VideoCodecDec in Frameworks */ = {isa = PBXBuildFile; productRef = BE0ABF8E2E46E6CA001268BD /* VideoCodecDec */; };
		BE0ABF912E46E6CA001268BD /* VideoCodecEnc in Frameworks */ = {isa = PBXBuildFile; productRef = BE0ABF902E46E6CA001268BD /* VideoCodecEnc */; };
		BE0ABF932E46E6CA001268BD /* VirtualBackground in Frameworks */ = {isa = PBXBuildFile; productRef = BE0ABF922E46E6CA001268BD /* VirtualBackground */; };
		BE0ABF952E46E918001268BD /* CallEngine.swift in Sources */ = {isa = PBXBuildFile; fileRef = BE0ABF942E46E918001268BD /* CallEngine.swift */; };
		BE0ABF972E46E936001268BD /* MatchWatcher.swift in Sources */ = {isa = PBXBuildFile; fileRef = BE0ABF962E46E936001268BD /* MatchWatcher.swift */; };
		BE0ABF992E46EA29001268BD /* CallingView.swift in Sources */ = {isa = PBXBuildFile; fileRef = BE0ABF982E46EA29001268BD /* CallingView.swift */; };
		BE0ABF9B2E4A3A89001268BD /* Color.swift in Sources */ = {isa = PBXBuildFile; fileRef = BE0ABF9A2E4A3A89001268BD /* Color.swift */; };
		BE0ABF9D2E4AE174001268BD /* CallLifecycle.swift in Sources */ = {isa = PBXBuildFile; fileRef = BE0ABF9C2E4AE173001268BD /* CallLifecycle.swift */; };
		BE0ABF9F2E4C49A8001268BD /* CallSessionVM.swift in Sources */ = {isa = PBXBuildFile; fileRef = BE0ABF9E2E4C49A8001268BD /* CallSessionVM.swift */; };
		BE0ABFA22E506BA2001268BD /* AppTheme.swift in Sources */ = {isa = PBXBuildFile; fileRef = BE0ABFA12E506BA1001268BD /* AppTheme.swift */; };
		BE0ABFA42E506BB4001268BD /* Color+Hex.swift in Sources */ = {isa = PBXBuildFile; fileRef = BE0ABFA32E506BB4001268BD /* Color+Hex.swift */; };
		BE0ABFA72E506BD0001268BD /* GradientBackground.swift in Sources */ = {isa = PBXBuildFile; fileRef = BE0ABFA62E506BD0001268BD /* GradientBackground.swift */; };
		BE0ABFA92E506BDE001268BD /* WMButtonStyle.swift in Sources */ = {isa = PBXBuildFile; fileRef = BE0ABFA82E506BDE001268BD /* WMButtonStyle.swift */; };
		BE0ABFAB2E506BF4001268BD /* WonderPhoneIcon.swift in Sources */ = {isa = PBXBuildFile; fileRef = BE0ABFAA2E506BF4001268BD /* WonderPhoneIcon.swift */; };
		BE0ABFAD2E506E06001268BD /* IntroSplashView.swift in Sources */ = {isa = PBXBuildFile; fileRef = BE0ABFAC2E506E06001268BD /* IntroSplashView.swift */; };
		BE0ABFB12E51C6B9001268BD /* ProfileCenterView.swift in Sources */ = {isa = PBXBuildFile; fileRef = BE0ABFB02E51C6B9001268BD /* ProfileCenterView.swift */; };
		BE0ABFB32E51CA06001268BD /* Option.swift in Sources */ = {isa = PBXBuildFile; fileRef = BE0ABFB22E51CA06001268BD /* Option.swift */; };
		BE33F3022E69228E00D3E7CC /* NotificationService.appex in Embed Foundation Extensions */ = {isa = PBXBuildFile; fileRef = BE33F2FB2E69228E00D3E7CC /* NotificationService.appex */; settings = {ATTRIBUTES = (RemoveHeadersOnCopy, ); }; };
		BE485C5D2E6296AC0049F1AA /* SafetyCenter.swift in Sources */ = {isa = PBXBuildFile; fileRef = BE485C5C2E6296AC0049F1AA /* SafetyCenter.swift */; };
		BE485C5F2E629F800049F1AA /* ReportedUsersMonitorView.swift in Sources */ = {isa = PBXBuildFile; fileRef = BE485C5E2E629F800049F1AA /* ReportedUsersMonitorView.swift */; };
		BE8B6AAE2E534E42002A9143 /* CallHistoryView.swift in Sources */ = {isa = PBXBuildFile; fileRef = BE8B6AAD2E534E42002A9143 /* CallHistoryView.swift */; };
		BE8B6AB02E534E55002A9143 /* ChatListView.swift in Sources */ = {isa = PBXBuildFile; fileRef = BE8B6AAF2E534E55002A9143 /* ChatListView.swift */; };
		BE8B6AB22E535D1A002A9143 /* AuthManager.swift in Sources */ = {isa = PBXBuildFile; fileRef = BE8B6AB12E535D1A002A9143 /* AuthManager.swift */; };
		BE8B6AB42E5360A2002A9143 /* UserOnboardingVM.swift in Sources */ = {isa = PBXBuildFile; fileRef = BE8B6AB32E5360A2002A9143 /* UserOnboardingVM.swift */; };
		BE8B6AB62E545626002A9143 /* PhoneVerifyVM.swift in Sources */ = {isa = PBXBuildFile; fileRef = BE8B6AB52E545626002A9143 /* PhoneVerifyVM.swift */; };
		BE8B6AB82E545640002A9143 /* PhoneVerifyView.swift in Sources */ = {isa = PBXBuildFile; fileRef = BE8B6AB72E545640002A9143 /* PhoneVerifyView.swift */; };
		BE8B6ABA2E547197002A9143 /* GoogleService-Info.plist in Resources */ = {isa = PBXBuildFile; fileRef = BE8B6AB92E547197002A9143 /* GoogleService-Info.plist */; };
		BE8B6ABC2E5769EE002A9143 /* CallDiag.swift in Sources */ = {isa = PBXBuildFile; fileRef = BE8B6ABB2E5769EE002A9143 /* CallDiag.swift */; };
		BE936FB62E66EC9B001FAA0F /* ChatRoomView.swift in Sources */ = {isa = PBXBuildFile; fileRef = BE936FB52E66EC9B001FAA0F /* ChatRoomView.swift */; };
		BEA2E71B2E3D9870006C4F74 /* wonderminuteApp.swift in Sources */ = {isa = PBXBuildFile; fileRef = BEA2E71A2E3D9870006C4F74 /* wonderminuteApp.swift */; };
		BEA2E71F2E3D9872006C4F74 /* Assets.xcassets in Resources */ = {isa = PBXBuildFile; fileRef = BEA2E71E2E3D9872006C4F74 /* Assets.xcassets */; };
		BEA2E7232E3D9872006C4F74 /* Preview Assets.xcassets in Resources */ = {isa = PBXBuildFile; fileRef = BEA2E7222E3D9872006C4F74 /* Preview Assets.xcassets */; };
		BEA2E72D2E3D9872006C4F74 /* wonderminuteTests.swift in Sources */ = {isa = PBXBuildFile; fileRef = BEA2E72C2E3D9872006C4F74 /* wonderminuteTests.swift */; };
		BEA2E7372E3D9872006C4F74 /* wonderminuteUITests.swift in Sources */ = {isa = PBXBuildFile; fileRef = BEA2E7362E3D9872006C4F74 /* wonderminuteUITests.swift */; };
		BEA2E7392E3D9872006C4F74 /* wonderminuteUITestsLaunchTests.swift in Sources */ = {isa = PBXBuildFile; fileRef = BEA2E7382E3D9872006C4F74 /* wonderminuteUITestsLaunchTests.swift */; };
		BEA2E7462E3D9AC8006C4F74 /* WelcomeView.swift in Sources */ = {isa = PBXBuildFile; fileRef = BEA2E7452E3D9AC8006C4F74 /* WelcomeView.swift */; };
		BEA2E7482E3D9B19006C4F74 /* IntroAnimationView.swift in Sources */ = {isa = PBXBuildFile; fileRef = BEA2E7472E3D9B19006C4F74 /* IntroAnimationView.swift */; };
		BEA2E74A2E3D9B28006C4F74 /* LoginView.swift in Sources */ = {isa = PBXBuildFile; fileRef = BEA2E7492E3D9B28006C4F74 /* LoginView.swift */; };
		BEA2E74C2E3D9B36006C4F74 /* UserInfoView.swift in Sources */ = {isa = PBXBuildFile; fileRef = BEA2E74B2E3D9B36006C4F74 /* UserInfoView.swift */; };
		BEA2E74E2E3D9B43006C4F74 /* AppState.swift in Sources */ = {isa = PBXBuildFile; fileRef = BEA2E74D2E3D9B43006C4F74 /* AppState.swift */; };
		BEA9542C2E5FE10800DA22D5 /* LiveChatService.swift in Sources */ = {isa = PBXBuildFile; fileRef = BEA9542B2E5FE10800DA22D5 /* LiveChatService.swift */; };
		BEA9542E2E5FE14E00DA22D5 /* LiveSupportIntroView.swift in Sources */ = {isa = PBXBuildFile; fileRef = BEA9542D2E5FE14E00DA22D5 /* LiveSupportIntroView.swift */; };
		BEA954302E5FE16600DA22D5 /* LiveChatSessionView.swift in Sources */ = {isa = PBXBuildFile; fileRef = BEA9542F2E5FE16600DA22D5 /* LiveChatSessionView.swift */; };
		BEA954322E5FE18A00DA22D5 /* CounselorInboxView.swift in Sources */ = {isa = PBXBuildFile; fileRef = BEA954312E5FE18A00DA22D5 /* CounselorInboxView.swift */; };
		BEA954342E5FE2D800DA22D5 /* CounselorChatView.swift in Sources */ = {isa = PBXBuildFile; fileRef = BEA954332E5FE2D800DA22D5 /* CounselorChatView.swift */; };
		BEE5C0182E3DC627005310A7 /* AppDelegate.swift in Sources */ = {isa = PBXBuildFile; fileRef = BEE5C0172E3DC627005310A7 /* AppDelegate.swift */; };
		BEE5C01E2E3DD0FB005310A7 /* KakaoSDKAuth in Frameworks */ = {isa = PBXBuildFile; productRef = BEE5C01D2E3DD0FB005310A7 /* KakaoSDKAuth */; };
		BEE5C0202E3DD0FB005310A7 /* KakaoSDKCommon in Frameworks */ = {isa = PBXBuildFile; productRef = BEE5C01F2E3DD0FB005310A7 /* KakaoSDKCommon */; };
		BEE5C0222E3DD0FB005310A7 /* KakaoSDKUser in Frameworks */ = {isa = PBXBuildFile; productRef = BEE5C0212E3DD0FB005310A7 /* KakaoSDKUser */; };
		BEE5C0242E3DD8BC005310A7 /* RootView.swift in Sources */ = {isa = PBXBuildFile; fileRef = BEE5C0232E3DD8BC005310A7 /* RootView.swift */; };
		BEE6271C2E40787500BE3D81 /* FirebaseAI in Frameworks */ = {isa = PBXBuildFile; productRef = BEE6271B2E40787500BE3D81 /* FirebaseAI */; };
		BEE6271E2E40787500BE3D81 /* FirebaseAnalytics in Frameworks */ = {isa = PBXBuildFile; productRef = BEE6271D2E40787500BE3D81 /* FirebaseAnalytics */; };
		BEE627202E40787500BE3D81 /* FirebaseAnalyticsCore in Frameworks */ = {isa = PBXBuildFile; productRef = BEE6271F2E40787500BE3D81 /* FirebaseAnalyticsCore */; };
		BEE627222E40787500BE3D81 /* FirebaseAnalyticsIdentitySupport in Frameworks */ = {isa = PBXBuildFile; productRef = BEE627212E40787500BE3D81 /* FirebaseAnalyticsIdentitySupport */; };
		BEE627242E40787500BE3D81 /* FirebaseAppCheck in Frameworks */ = {isa = PBXBuildFile; productRef = BEE627232E40787500BE3D81 /* FirebaseAppCheck */; };
		BEE627262E40787500BE3D81 /* FirebaseAppDistribution-Beta in Frameworks */ = {isa = PBXBuildFile; productRef = BEE627252E40787500BE3D81 /* FirebaseAppDistribution-Beta */; };
		BEE627282E40787500BE3D81 /* FirebaseAuth in Frameworks */ = {isa = PBXBuildFile; productRef = BEE627272E40787500BE3D81 /* FirebaseAuth */; };
		BEE6272A2E40787500BE3D81 /* FirebaseAuthCombine-Community in Frameworks */ = {isa = PBXBuildFile; productRef = BEE627292E40787500BE3D81 /* FirebaseAuthCombine-Community */; };
		BEE6272C2E40787500BE3D81 /* FirebaseCore in Frameworks */ = {isa = PBXBuildFile; productRef = BEE6272B2E40787500BE3D81 /* FirebaseCore */; };
		BEE6272E2E40787500BE3D81 /* FirebaseCrashlytics in Frameworks */ = {isa = PBXBuildFile; productRef = BEE6272D2E40787500BE3D81 /* FirebaseCrashlytics */; };
		BEE627302E40787500BE3D81 /* FirebaseDatabase in Frameworks */ = {isa = PBXBuildFile; productRef = BEE6272F2E40787500BE3D81 /* FirebaseDatabase */; };
		BEE627322E40787500BE3D81 /* FirebaseFirestore in Frameworks */ = {isa = PBXBuildFile; productRef = BEE627312E40787500BE3D81 /* FirebaseFirestore */; };
		BEE627342E40787500BE3D81 /* FirebaseFirestoreCombine-Community in Frameworks */ = {isa = PBXBuildFile; productRef = BEE627332E40787500BE3D81 /* FirebaseFirestoreCombine-Community */; };
		BEE627362E40787500BE3D81 /* FirebaseFunctions in Frameworks */ = {isa = PBXBuildFile; productRef = BEE627352E40787500BE3D81 /* FirebaseFunctions */; };
		BEE627382E40787500BE3D81 /* FirebaseFunctionsCombine-Community in Frameworks */ = {isa = PBXBuildFile; productRef = BEE627372E40787500BE3D81 /* FirebaseFunctionsCombine-Community */; };
		BEE6273A2E40787500BE3D81 /* FirebaseInAppMessaging-Beta in Frameworks */ = {isa = PBXBuildFile; productRef = BEE627392E40787500BE3D81 /* FirebaseInAppMessaging-Beta */; };
		BEE6273C2E40787500BE3D81 /* FirebaseInstallations in Frameworks */ = {isa = PBXBuildFile; productRef = BEE6273B2E40787500BE3D81 /* FirebaseInstallations */; };
		BEE6273E2E40787500BE3D81 /* FirebaseMLModelDownloader in Frameworks */ = {isa = PBXBuildFile; productRef = BEE6273D2E40787500BE3D81 /* FirebaseMLModelDownloader */; };
		BEE627402E40787500BE3D81 /* FirebaseMessaging in Frameworks */ = {isa = PBXBuildFile; productRef = BEE6273F2E40787500BE3D81 /* FirebaseMessaging */; };
		BEE627422E40787500BE3D81 /* FirebasePerformance in Frameworks */ = {isa = PBXBuildFile; productRef = BEE627412E40787500BE3D81 /* FirebasePerformance */; };
		BEE627442E40787500BE3D81 /* FirebaseRemoteConfig in Frameworks */ = {isa = PBXBuildFile; productRef = BEE627432E40787500BE3D81 /* FirebaseRemoteConfig */; };
		BEE627462E40787500BE3D81 /* FirebaseStorage in Frameworks */ = {isa = PBXBuildFile; productRef = BEE627452E40787500BE3D81 /* FirebaseStorage */; };
		BEE627482E40787500BE3D81 /* FirebaseStorageCombine-Community in Frameworks */ = {isa = PBXBuildFile; productRef = BEE627472E40787500BE3D81 /* FirebaseStorageCombine-Community */; };
		BEE6274A2E41786F00BE3D81 /* KakaoAuthManager.swift in Sources */ = {isa = PBXBuildFile; fileRef = BEE627492E41786F00BE3D81 /* KakaoAuthManager.swift */; };
		BEE6274C2E418EF900BE3D81 /* MainTabView.swift in Sources */ = {isa = PBXBuildFile; fileRef = BEE6274B2E418EF900BE3D81 /* MainTabView.swift */; };
		BEE6274E2E418F1600BE3D81 /* CallView.swift in Sources */ = {isa = PBXBuildFile; fileRef = BEE6274D2E418F1600BE3D81 /* CallView.swift */; };
		BEE627502E418F2200BE3D81 /* ProfileView.swift in Sources */ = {isa = PBXBuildFile; fileRef = BEE6274F2E418F2200BE3D81 /* ProfileView.swift */; };
		BEE627522E41C24600BE3D81 /* MatchingView.swift in Sources */ = {isa = PBXBuildFile; fileRef = BEE627512E41C24600BE3D81 /* MatchingView.swift */; };
		BEE627542E41C26600BE3D81 /* MatchingManager.swift in Sources */ = {isa = PBXBuildFile; fileRef = BEE627532E41C26600BE3D81 /* MatchingManager.swift */; };
		BEE627562E41C2E000BE3D81 /* MatchedView.swift in Sources */ = {isa = PBXBuildFile; fileRef = BEE627552E41C2E000BE3D81 /* MatchedView.swift */; };
/* End PBXBuildFile section */

/* Begin PBXContainerItemProxy section */
		BE33F3002E69228E00D3E7CC /* PBXContainerItemProxy */ = {
			isa = PBXContainerItemProxy;
			containerPortal = BEA2E70F2E3D9870006C4F74 /* Project object */;
			proxyType = 1;
			remoteGlobalIDString = BE33F2FA2E69228E00D3E7CC;
			remoteInfo = NotificationService;
		};
		BEA2E7292E3D9872006C4F74 /* PBXContainerItemProxy */ = {
			isa = PBXContainerItemProxy;
			containerPortal = BEA2E70F2E3D9870006C4F74 /* Project object */;
			proxyType = 1;
			remoteGlobalIDString = BEA2E7162E3D9870006C4F74;
			remoteInfo = wonderminute;
		};
		BEA2E7332E3D9872006C4F74 /* PBXContainerItemProxy */ = {
			isa = PBXContainerItemProxy;
			containerPortal = BEA2E70F2E3D9870006C4F74 /* Project object */;
			proxyType = 1;
			remoteGlobalIDString = BEA2E7162E3D9870006C4F74;
			remoteInfo = wonderminute;
		};
/* End PBXContainerItemProxy section */

/* Begin PBXCopyFilesBuildPhase section */
		BE33F3032E69228E00D3E7CC /* Embed Foundation Extensions */ = {
			isa = PBXCopyFilesBuildPhase;
			buildActionMask = 2147483647;
			dstPath = "";
			dstSubfolderSpec = 13;
			files = (
				BE33F3022E69228E00D3E7CC /* NotificationService.appex in Embed Foundation Extensions */,
			);
			name = "Embed Foundation Extensions";
			runOnlyForDeploymentPostprocessing = 0;
		};
/* End PBXCopyFilesBuildPhase section */

/* Begin PBXFileReference section */
		BE01B00D2E6408CA00A6890B /* SuspendedGateView.swift */ = {isa = PBXFileReference; lastKnownFileType = sourcecode.swift; path = SuspendedGateView.swift; sourceTree = "<group>"; };
		BE0ABF6B2E46D5FF001268BD /* FunctionsAPI.swift */ = {isa = PBXFileReference; lastKnownFileType = sourcecode.swift; path = FunctionsAPI.swift; sourceTree = "<group>"; };
		BE0ABF942E46E918001268BD /* CallEngine.swift */ = {isa = PBXFileReference; lastKnownFileType = sourcecode.swift; path = CallEngine.swift; sourceTree = "<group>"; };
		BE0ABF962E46E936001268BD /* MatchWatcher.swift */ = {isa = PBXFileReference; lastKnownFileType = sourcecode.swift; path = MatchWatcher.swift; sourceTree = "<group>"; };
		BE0ABF982E46EA29001268BD /* CallingView.swift */ = {isa = PBXFileReference; lastKnownFileType = sourcecode.swift; path = CallingView.swift; sourceTree = "<group>"; };
		BE0ABF9A2E4A3A89001268BD /* Color.swift */ = {isa = PBXFileReference; lastKnownFileType = sourcecode.swift; path = Color.swift; sourceTree = "<group>"; };
		BE0ABF9C2E4AE173001268BD /* CallLifecycle.swift */ = {isa = PBXFileReference; lastKnownFileType = sourcecode.swift; path = CallLifecycle.swift; sourceTree = "<group>"; };
		BE0ABF9E2E4C49A8001268BD /* CallSessionVM.swift */ = {isa = PBXFileReference; lastKnownFileType = sourcecode.swift; path = CallSessionVM.swift; sourceTree = "<group>"; };
		BE0ABFA12E506BA1001268BD /* AppTheme.swift */ = {isa = PBXFileReference; lastKnownFileType = sourcecode.swift; path = AppTheme.swift; sourceTree = "<group>"; };
		BE0ABFA32E506BB4001268BD /* Color+Hex.swift */ = {isa = PBXFileReference; lastKnownFileType = sourcecode.swift; path = "Color+Hex.swift"; sourceTree = "<group>"; };
		BE0ABFA62E506BD0001268BD /* GradientBackground.swift */ = {isa = PBXFileReference; lastKnownFileType = sourcecode.swift; path = GradientBackground.swift; sourceTree = "<group>"; };
		BE0ABFA82E506BDE001268BD /* WMButtonStyle.swift */ = {isa = PBXFileReference; lastKnownFileType = sourcecode.swift; path = WMButtonStyle.swift; sourceTree = "<group>"; };
		BE0ABFAA2E506BF4001268BD /* WonderPhoneIcon.swift */ = {isa = PBXFileReference; lastKnownFileType = sourcecode.swift; path = WonderPhoneIcon.swift; sourceTree = "<group>"; };
		BE0ABFAC2E506E06001268BD /* IntroSplashView.swift */ = {isa = PBXFileReference; lastKnownFileType = sourcecode.swift; path = IntroSplashView.swift; sourceTree = "<group>"; };
		BE0ABFB02E51C6B9001268BD /* ProfileCenterView.swift */ = {isa = PBXFileReference; lastKnownFileType = sourcecode.swift; path = ProfileCenterView.swift; sourceTree = "<group>"; };
		BE0ABFB22E51CA06001268BD /* Option.swift */ = {isa = PBXFileReference; lastKnownFileType = sourcecode.swift; path = Option.swift; sourceTree = "<group>"; };
		BE33F2FB2E69228E00D3E7CC /* NotificationService.appex */ = {isa = PBXFileReference; explicitFileType = "wrapper.app-extension"; includeInIndex = 0; path = NotificationService.appex; sourceTree = BUILT_PRODUCTS_DIR; };
		BE485C5C2E6296AC0049F1AA /* SafetyCenter.swift */ = {isa = PBXFileReference; lastKnownFileType = sourcecode.swift; path = SafetyCenter.swift; sourceTree = "<group>"; };
		BE485C5E2E629F800049F1AA /* ReportedUsersMonitorView.swift */ = {isa = PBXFileReference; lastKnownFileType = sourcecode.swift; path = ReportedUsersMonitorView.swift; sourceTree = "<group>"; };
		BE8B6AAD2E534E42002A9143 /* CallHistoryView.swift */ = {isa = PBXFileReference; lastKnownFileType = sourcecode.swift; path = CallHistoryView.swift; sourceTree = "<group>"; };
		BE8B6AAF2E534E55002A9143 /* ChatListView.swift */ = {isa = PBXFileReference; lastKnownFileType = sourcecode.swift; path = ChatListView.swift; sourceTree = "<group>"; };
		BE8B6AB12E535D1A002A9143 /* AuthManager.swift */ = {isa = PBXFileReference; lastKnownFileType = sourcecode.swift; path = AuthManager.swift; sourceTree = "<group>"; };
		BE8B6AB32E5360A2002A9143 /* UserOnboardingVM.swift */ = {isa = PBXFileReference; lastKnownFileType = sourcecode.swift; path = UserOnboardingVM.swift; sourceTree = "<group>"; };
		BE8B6AB52E545626002A9143 /* PhoneVerifyVM.swift */ = {isa = PBXFileReference; lastKnownFileType = sourcecode.swift; path = PhoneVerifyVM.swift; sourceTree = "<group>"; };
		BE8B6AB72E545640002A9143 /* PhoneVerifyView.swift */ = {isa = PBXFileReference; lastKnownFileType = sourcecode.swift; path = PhoneVerifyView.swift; sourceTree = "<group>"; };
		BE8B6AB92E547197002A9143 /* GoogleService-Info.plist */ = {isa = PBXFileReference; lastKnownFileType = text.plist.xml; path = "GoogleService-Info.plist"; sourceTree = "<group>"; };
		BE8B6ABB2E5769EE002A9143 /* CallDiag.swift */ = {isa = PBXFileReference; lastKnownFileType = sourcecode.swift; path = CallDiag.swift; sourceTree = "<group>"; };
		BE936FB52E66EC9B001FAA0F /* ChatRoomView.swift */ = {isa = PBXFileReference; lastKnownFileType = sourcecode.swift; path = ChatRoomView.swift; sourceTree = "<group>"; };
		BEA2E7172E3D9870006C4F74 /* wonderminute.app */ = {isa = PBXFileReference; explicitFileType = wrapper.application; includeInIndex = 0; path = wonderminute.app; sourceTree = BUILT_PRODUCTS_DIR; };
		BEA2E71A2E3D9870006C4F74 /* wonderminuteApp.swift */ = {isa = PBXFileReference; lastKnownFileType = sourcecode.swift; path = wonderminuteApp.swift; sourceTree = "<group>"; };
		BEA2E71E2E3D9872006C4F74 /* Assets.xcassets */ = {isa = PBXFileReference; lastKnownFileType = folder.assetcatalog; path = Assets.xcassets; sourceTree = "<group>"; };
		BEA2E7202E3D9872006C4F74 /* wonderminute.entitlements */ = {isa = PBXFileReference; lastKnownFileType = text.plist.entitlements; path = wonderminute.entitlements; sourceTree = "<group>"; };
		BEA2E7222E3D9872006C4F74 /* Preview Assets.xcassets */ = {isa = PBXFileReference; lastKnownFileType = folder.assetcatalog; path = "Preview Assets.xcassets"; sourceTree = "<group>"; };
		BEA2E7282E3D9872006C4F74 /* wonderminuteTests.xctest */ = {isa = PBXFileReference; explicitFileType = wrapper.cfbundle; includeInIndex = 0; path = wonderminuteTests.xctest; sourceTree = BUILT_PRODUCTS_DIR; };
		BEA2E72C2E3D9872006C4F74 /* wonderminuteTests.swift */ = {isa = PBXFileReference; lastKnownFileType = sourcecode.swift; path = wonderminuteTests.swift; sourceTree = "<group>"; };
		BEA2E7322E3D9872006C4F74 /* wonderminuteUITests.xctest */ = {isa = PBXFileReference; explicitFileType = wrapper.cfbundle; includeInIndex = 0; path = wonderminuteUITests.xctest; sourceTree = BUILT_PRODUCTS_DIR; };
		BEA2E7362E3D9872006C4F74 /* wonderminuteUITests.swift */ = {isa = PBXFileReference; lastKnownFileType = sourcecode.swift; path = wonderminuteUITests.swift; sourceTree = "<group>"; };
		BEA2E7382E3D9872006C4F74 /* wonderminuteUITestsLaunchTests.swift */ = {isa = PBXFileReference; lastKnownFileType = sourcecode.swift; path = wonderminuteUITestsLaunchTests.swift; sourceTree = "<group>"; };
		BEA2E7452E3D9AC8006C4F74 /* WelcomeView.swift */ = {isa = PBXFileReference; lastKnownFileType = sourcecode.swift; path = WelcomeView.swift; sourceTree = "<group>"; };
		BEA2E7472E3D9B19006C4F74 /* IntroAnimationView.swift */ = {isa = PBXFileReference; lastKnownFileType = sourcecode.swift; path = IntroAnimationView.swift; sourceTree = "<group>"; };
		BEA2E7492E3D9B28006C4F74 /* LoginView.swift */ = {isa = PBXFileReference; lastKnownFileType = sourcecode.swift; path = LoginView.swift; sourceTree = "<group>"; };
		BEA2E74B2E3D9B36006C4F74 /* UserInfoView.swift */ = {isa = PBXFileReference; lastKnownFileType = sourcecode.swift; path = UserInfoView.swift; sourceTree = "<group>"; };
		BEA2E74D2E3D9B43006C4F74 /* AppState.swift */ = {isa = PBXFileReference; lastKnownFileType = sourcecode.swift; path = AppState.swift; sourceTree = "<group>"; };
		BEA9542B2E5FE10800DA22D5 /* LiveChatService.swift */ = {isa = PBXFileReference; lastKnownFileType = sourcecode.swift; path = LiveChatService.swift; sourceTree = "<group>"; };
		BEA9542D2E5FE14E00DA22D5 /* LiveSupportIntroView.swift */ = {isa = PBXFileReference; lastKnownFileType = sourcecode.swift; path = LiveSupportIntroView.swift; sourceTree = "<group>"; };
		BEA9542F2E5FE16600DA22D5 /* LiveChatSessionView.swift */ = {isa = PBXFileReference; lastKnownFileType = sourcecode.swift; path = LiveChatSessionView.swift; sourceTree = "<group>"; };
		BEA954312E5FE18A00DA22D5 /* CounselorInboxView.swift */ = {isa = PBXFileReference; lastKnownFileType = sourcecode.swift; path = CounselorInboxView.swift; sourceTree = "<group>"; };
		BEA954332E5FE2D800DA22D5 /* CounselorChatView.swift */ = {isa = PBXFileReference; lastKnownFileType = sourcecode.swift; path = CounselorChatView.swift; sourceTree = "<group>"; };
		BEE5C0172E3DC627005310A7 /* AppDelegate.swift */ = {isa = PBXFileReference; lastKnownFileType = sourcecode.swift; path = AppDelegate.swift; sourceTree = "<group>"; };
		BEE5C01B2E3DC905005310A7 /* Info.plist */ = {isa = PBXFileReference; lastKnownFileType = text.plist.xml; path = Info.plist; sourceTree = "<group>"; };
		BEE5C0232E3DD8BC005310A7 /* RootView.swift */ = {isa = PBXFileReference; lastKnownFileType = sourcecode.swift; path = RootView.swift; sourceTree = "<group>"; };
		BEE627492E41786F00BE3D81 /* KakaoAuthManager.swift */ = {isa = PBXFileReference; lastKnownFileType = sourcecode.swift; path = KakaoAuthManager.swift; sourceTree = "<group>"; };
		BEE6274B2E418EF900BE3D81 /* MainTabView.swift */ = {isa = PBXFileReference; lastKnownFileType = sourcecode.swift; path = MainTabView.swift; sourceTree = "<group>"; };
		BEE6274D2E418F1600BE3D81 /* CallView.swift */ = {isa = PBXFileReference; lastKnownFileType = sourcecode.swift; path = CallView.swift; sourceTree = "<group>"; };
		BEE6274F2E418F2200BE3D81 /* ProfileView.swift */ = {isa = PBXFileReference; lastKnownFileType = sourcecode.swift; path = ProfileView.swift; sourceTree = "<group>"; };
		BEE627512E41C24600BE3D81 /* MatchingView.swift */ = {isa = PBXFileReference; lastKnownFileType = sourcecode.swift; path = MatchingView.swift; sourceTree = "<group>"; };
		BEE627532E41C26600BE3D81 /* MatchingManager.swift */ = {isa = PBXFileReference; lastKnownFileType = sourcecode.swift; path = MatchingManager.swift; sourceTree = "<group>"; };
		BEE627552E41C2E000BE3D81 /* MatchedView.swift */ = {isa = PBXFileReference; lastKnownFileType = sourcecode.swift; path = MatchedView.swift; sourceTree = "<group>"; };
/* End PBXFileReference section */

/* Begin PBXFileSystemSynchronizedBuildFileExceptionSet section */
		BE33F3062E69228E00D3E7CC /* PBXFileSystemSynchronizedBuildFileExceptionSet */ = {
			isa = PBXFileSystemSynchronizedBuildFileExceptionSet;
			membershipExceptions = (
				Info.plist,
			);
			target = BE33F2FA2E69228E00D3E7CC /* NotificationService */;
		};
/* End PBXFileSystemSynchronizedBuildFileExceptionSet section */

/* Begin PBXFileSystemSynchronizedRootGroup section */
		BE33F2FC2E69228E00D3E7CC /* NotificationService */ = {isa = PBXFileSystemSynchronizedRootGroup; exceptions = (BE33F3062E69228E00D3E7CC /* PBXFileSystemSynchronizedBuildFileExceptionSet */, ); explicitFileTypes = {}; explicitFolders = (); path = NotificationService; sourceTree = "<group>"; };
/* End PBXFileSystemSynchronizedRootGroup section */

/* Begin PBXFrameworksBuildPhase section */
		BE33F2F82E69228E00D3E7CC /* Frameworks */ = {
			isa = PBXFrameworksBuildPhase;
			buildActionMask = 2147483647;
			files = (
			);
			runOnlyForDeploymentPostprocessing = 0;
		};
		BEA2E7142E3D9870006C4F74 /* Frameworks */ = {
			isa = PBXFrameworksBuildPhase;
			buildActionMask = 2147483647;
			files = (
				BEE627362E40787500BE3D81 /* FirebaseFunctions in Frameworks */,
				BEE627242E40787500BE3D81 /* FirebaseAppCheck in Frameworks */,
				BE0ABF7F2E46E6CA001268BD /* FaceDetection in Frameworks */,
				BE0ABF872E46E6CA001268BD /* SpatialAudio in Frameworks */,
				BEE627282E40787500BE3D81 /* FirebaseAuth in Frameworks */,
				BEE627462E40787500BE3D81 /* FirebaseStorage in Frameworks */,
				BEE5C0202E3DD0FB005310A7 /* KakaoSDKCommon in Frameworks */,
				BE0ABF8D2E46E6CA001268BD /* VideoAv1CodecEnc in Frameworks */,
				BE0ABF752E46E6CA001268BD /* AINSLL in Frameworks */,
				BEE627202E40787500BE3D81 /* FirebaseAnalyticsCore in Frameworks */,
				BE0ABF6F2E46E6CA001268BD /* AIAEC in Frameworks */,
				BEE6271C2E40787500BE3D81 /* FirebaseAI in Frameworks */,
				BE0ABF912E46E6CA001268BD /* VideoCodecEnc in Frameworks */,
				BEE6273E2E40787500BE3D81 /* FirebaseMLModelDownloader in Frameworks */,
				BE0ABF792E46E6CA001268BD /* ClearVision in Frameworks */,
				BEE627222E40787500BE3D81 /* FirebaseAnalyticsIdentitySupport in Frameworks */,
				BEE6272A2E40787500BE3D81 /* FirebaseAuthCombine-Community in Frameworks */,
				BEE5C01E2E3DD0FB005310A7 /* KakaoSDKAuth in Frameworks */,
				BE0ABF8B2E46E6CA001268BD /* VideoAv1CodecDec in Frameworks */,
				BEE627322E40787500BE3D81 /* FirebaseFirestore in Frameworks */,
				BEE627342E40787500BE3D81 /* FirebaseFirestoreCombine-Community in Frameworks */,
				BEE6273A2E40787500BE3D81 /* FirebaseInAppMessaging-Beta in Frameworks */,
				BEE627382E40787500BE3D81 /* FirebaseFunctionsCombine-Community in Frameworks */,
				BE0ABF832E46E6CA001268BD /* ReplayKit in Frameworks */,
				BEE6271E2E40787500BE3D81 /* FirebaseAnalytics in Frameworks */,
				BE0ABF8F2E46E6CA001268BD /* VideoCodecDec in Frameworks */,
				BE0ABF932E46E6CA001268BD /* VirtualBackground in Frameworks */,
				BE0ABF852E46E6CA001268BD /* RtcBasic in Frameworks */,
				BE0ABF772E46E6CA001268BD /* AudioBeauty in Frameworks */,
				BE0ABF7D2E46E6CA001268BD /* FaceCapture in Frameworks */,
				BE0ABF732E46E6CA001268BD /* AINS in Frameworks */,
				BEE627482E40787500BE3D81 /* FirebaseStorageCombine-Community in Frameworks */,
				BEE627442E40787500BE3D81 /* FirebaseRemoteConfig in Frameworks */,
				BE0ABF7B2E46E6CA001268BD /* ContentInspect in Frameworks */,
				BEE6272E2E40787500BE3D81 /* FirebaseCrashlytics in Frameworks */,
				BEE5C0222E3DD0FB005310A7 /* KakaoSDKUser in Frameworks */,
				BEE627422E40787500BE3D81 /* FirebasePerformance in Frameworks */,
				BE0ABF712E46E6CA001268BD /* AIAECLL in Frameworks */,
				BEE6272C2E40787500BE3D81 /* FirebaseCore in Frameworks */,
				BEE627302E40787500BE3D81 /* FirebaseDatabase in Frameworks */,
				BE0ABF892E46E6CA001268BD /* VQA in Frameworks */,
				BEE627262E40787500BE3D81 /* FirebaseAppDistribution-Beta in Frameworks */,
				BE0ABF812E46E6CA001268BD /* LipSync in Frameworks */,
				BEE627402E40787500BE3D81 /* FirebaseMessaging in Frameworks */,
				BEE6273C2E40787500BE3D81 /* FirebaseInstallations in Frameworks */,
			);
			runOnlyForDeploymentPostprocessing = 0;
		};
		BEA2E7252E3D9872006C4F74 /* Frameworks */ = {
			isa = PBXFrameworksBuildPhase;
			buildActionMask = 2147483647;
			files = (
			);
			runOnlyForDeploymentPostprocessing = 0;
		};
		BEA2E72F2E3D9872006C4F74 /* Frameworks */ = {
			isa = PBXFrameworksBuildPhase;
			buildActionMask = 2147483647;
			files = (
			);
			runOnlyForDeploymentPostprocessing = 0;
		};
/* End PBXFrameworksBuildPhase section */

/* Begin PBXGroup section */
		BE0ABFA02E506B93001268BD /* Theme */ = {
			isa = PBXGroup;
			children = (
				BE0ABFA12E506BA1001268BD /* AppTheme.swift */,
				BE0ABFA32E506BB4001268BD /* Color+Hex.swift */,
			);
			path = Theme;
			sourceTree = "<group>";
		};
		BE0ABFA52E506BC2001268BD /* UI */ = {
			isa = PBXGroup;
			children = (
				BE0ABFA62E506BD0001268BD /* GradientBackground.swift */,
				BE0ABFA82E506BDE001268BD /* WMButtonStyle.swift */,
				BE0ABFAA2E506BF4001268BD /* WonderPhoneIcon.swift */,
			);
			path = UI;
			sourceTree = "<group>";
		};
		BEA2E70E2E3D9870006C4F74 = {
			isa = PBXGroup;
			children = (
				BEE5C0172E3DC627005310A7 /* AppDelegate.swift */,
				BEA2E7192E3D9870006C4F74 /* wonderminute */,
				BEA2E72B2E3D9872006C4F74 /* wonderminuteTests */,
				BEA2E7352E3D9872006C4F74 /* wonderminuteUITests */,
				BE33F2FC2E69228E00D3E7CC /* NotificationService */,
				BEA2E7182E3D9870006C4F74 /* Products */,
				BE8B6AB92E547197002A9143 /* GoogleService-Info.plist */,
			);
			sourceTree = "<group>";
		};
		BEA2E7182E3D9870006C4F74 /* Products */ = {
			isa = PBXGroup;
			children = (
				BEA2E7172E3D9870006C4F74 /* wonderminute.app */,
				BEA2E7282E3D9872006C4F74 /* wonderminuteTests.xctest */,
				BEA2E7322E3D9872006C4F74 /* wonderminuteUITests.xctest */,
				BE33F2FB2E69228E00D3E7CC /* NotificationService.appex */,
			);
			name = Products;
			sourceTree = "<group>";
		};
		BEA2E7192E3D9870006C4F74 /* wonderminute */ = {
			isa = PBXGroup;
			children = (
				BE0ABFA52E506BC2001268BD /* UI */,
				BE0ABFA02E506B93001268BD /* Theme */,
				BEA2E71A2E3D9870006C4F74 /* wonderminuteApp.swift */,
				BEA2E71E2E3D9872006C4F74 /* Assets.xcassets */,
				BEA2E7202E3D9872006C4F74 /* wonderminute.entitlements */,
				BEA2E7212E3D9872006C4F74 /* Preview Content */,
				BEA2E7452E3D9AC8006C4F74 /* WelcomeView.swift */,
				BEA2E7472E3D9B19006C4F74 /* IntroAnimationView.swift */,
				BEA2E7492E3D9B28006C4F74 /* LoginView.swift */,
				BEA2E74B2E3D9B36006C4F74 /* UserInfoView.swift */,
				BEA2E74D2E3D9B43006C4F74 /* AppState.swift */,
				BEE5C01B2E3DC905005310A7 /* Info.plist */,
				BEE5C0232E3DD8BC005310A7 /* RootView.swift */,
				BEE627492E41786F00BE3D81 /* KakaoAuthManager.swift */,
				BEE6274B2E418EF900BE3D81 /* MainTabView.swift */,
				BEE6274D2E418F1600BE3D81 /* CallView.swift */,
				BEE6274F2E418F2200BE3D81 /* ProfileView.swift */,
				BEE627512E41C24600BE3D81 /* MatchingView.swift */,
				BEE627532E41C26600BE3D81 /* MatchingManager.swift */,
				BEE627552E41C2E000BE3D81 /* MatchedView.swift */,
				BE0ABF6B2E46D5FF001268BD /* FunctionsAPI.swift */,
				BE0ABF942E46E918001268BD /* CallEngine.swift */,
				BE0ABF962E46E936001268BD /* MatchWatcher.swift */,
				BE0ABF982E46EA29001268BD /* CallingView.swift */,
				BE0ABF9A2E4A3A89001268BD /* Color.swift */,
				BE0ABF9C2E4AE173001268BD /* CallLifecycle.swift */,
				BE0ABF9E2E4C49A8001268BD /* CallSessionVM.swift */,
				BE0ABFAC2E506E06001268BD /* IntroSplashView.swift */,
				BE0ABFB02E51C6B9001268BD /* ProfileCenterView.swift */,
				BE0ABFB22E51CA06001268BD /* Option.swift */,
				BE8B6AAD2E534E42002A9143 /* CallHistoryView.swift */,
				BE8B6AAF2E534E55002A9143 /* ChatListView.swift */,
				BE8B6AB12E535D1A002A9143 /* AuthManager.swift */,
				BE8B6AB32E5360A2002A9143 /* UserOnboardingVM.swift */,
				BE8B6AB52E545626002A9143 /* PhoneVerifyVM.swift */,
				BE8B6AB72E545640002A9143 /* PhoneVerifyView.swift */,
				BE8B6ABB2E5769EE002A9143 /* CallDiag.swift */,
				BEA9542B2E5FE10800DA22D5 /* LiveChatService.swift */,
				BEA9542D2E5FE14E00DA22D5 /* LiveSupportIntroView.swift */,
				BEA9542F2E5FE16600DA22D5 /* LiveChatSessionView.swift */,
				BEA954312E5FE18A00DA22D5 /* CounselorInboxView.swift */,
				BEA954332E5FE2D800DA22D5 /* CounselorChatView.swift */,
				BE485C5C2E6296AC0049F1AA /* SafetyCenter.swift */,
				BE485C5E2E629F800049F1AA /* ReportedUsersMonitorView.swift */,
				BE01B00D2E6408CA00A6890B /* SuspendedGateView.swift */,
				BE936FB52E66EC9B001FAA0F /* ChatRoomView.swift */,
			);
			path = wonderminute;
			sourceTree = "<group>";
		};
		BEA2E7212E3D9872006C4F74 /* Preview Content */ = {
			isa = PBXGroup;
			children = (
				BEA2E7222E3D9872006C4F74 /* Preview Assets.xcassets */,
			);
			path = "Preview Content";
			sourceTree = "<group>";
		};
		BEA2E72B2E3D9872006C4F74 /* wonderminuteTests */ = {
			isa = PBXGroup;
			children = (
				BEA2E72C2E3D9872006C4F74 /* wonderminuteTests.swift */,
			);
			path = wonderminuteTests;
			sourceTree = "<group>";
		};
		BEA2E7352E3D9872006C4F74 /* wonderminuteUITests */ = {
			isa = PBXGroup;
			children = (
				BEA2E7362E3D9872006C4F74 /* wonderminuteUITests.swift */,
				BEA2E7382E3D9872006C4F74 /* wonderminuteUITestsLaunchTests.swift */,
			);
			path = wonderminuteUITests;
			sourceTree = "<group>";
		};
/* End PBXGroup section */

/* Begin PBXNativeTarget section */
		BE33F2FA2E69228E00D3E7CC /* NotificationService */ = {
			isa = PBXNativeTarget;
			buildConfigurationList = BE33F3072E69228E00D3E7CC /* Build configuration list for PBXNativeTarget "NotificationService" */;
			buildPhases = (
				BE33F2F72E69228E00D3E7CC /* Sources */,
				BE33F2F82E69228E00D3E7CC /* Frameworks */,
				BE33F2F92E69228E00D3E7CC /* Resources */,
			);
			buildRules = (
			);
			dependencies = (
			);
			fileSystemSynchronizedGroups = (
				BE33F2FC2E69228E00D3E7CC /* NotificationService */,
			);
			name = NotificationService;
			packageProductDependencies = (
			);
			productName = NotificationService;
			productReference = BE33F2FB2E69228E00D3E7CC /* NotificationService.appex */;
			productType = "com.apple.product-type.app-extension";
		};
		BEA2E7162E3D9870006C4F74 /* wonderminute */ = {
			isa = PBXNativeTarget;
			buildConfigurationList = BEA2E73C2E3D9872006C4F74 /* Build configuration list for PBXNativeTarget "wonderminute" */;
			buildPhases = (
				BEA2E7132E3D9870006C4F74 /* Sources */,
				BEA2E7142E3D9870006C4F74 /* Frameworks */,
				BEA2E7152E3D9870006C4F74 /* Resources */,
				BE33F3032E69228E00D3E7CC /* Embed Foundation Extensions */,
			);
			buildRules = (
			);
			dependencies = (
				BE33F3012E69228E00D3E7CC /* PBXTargetDependency */,
			);
			name = wonderminute;
			productName = wonderminute;
			productReference = BEA2E7172E3D9870006C4F74 /* wonderminute.app */;
			productType = "com.apple.product-type.application";
		};
		BEA2E7272E3D9872006C4F74 /* wonderminuteTests */ = {
			isa = PBXNativeTarget;
			buildConfigurationList = BEA2E73F2E3D9872006C4F74 /* Build configuration list for PBXNativeTarget "wonderminuteTests" */;
			buildPhases = (
				BEA2E7242E3D9872006C4F74 /* Sources */,
				BEA2E7252E3D9872006C4F74 /* Frameworks */,
				BEA2E7262E3D9872006C4F74 /* Resources */,
			);
			buildRules = (
			);
			dependencies = (
				BEA2E72A2E3D9872006C4F74 /* PBXTargetDependency */,
			);
			name = wonderminuteTests;
			productName = wonderminuteTests;
			productReference = BEA2E7282E3D9872006C4F74 /* wonderminuteTests.xctest */;
			productType = "com.apple.product-type.bundle.unit-test";
		};
		BEA2E7312E3D9872006C4F74 /* wonderminuteUITests */ = {
			isa = PBXNativeTarget;
			buildConfigurationList = BEA2E7422E3D9872006C4F74 /* Build configuration list for PBXNativeTarget "wonderminuteUITests" */;
			buildPhases = (
				BEA2E72E2E3D9872006C4F74 /* Sources */,
				BEA2E72F2E3D9872006C4F74 /* Frameworks */,
				BEA2E7302E3D9872006C4F74 /* Resources */,
			);
			buildRules = (
			);
			dependencies = (
				BEA2E7342E3D9872006C4F74 /* PBXTargetDependency */,
			);
			name = wonderminuteUITests;
			productName = wonderminuteUITests;
			productReference = BEA2E7322E3D9872006C4F74 /* wonderminuteUITests.xctest */;
			productType = "com.apple.product-type.bundle.ui-testing";
		};
/* End PBXNativeTarget section */

/* Begin PBXProject section */
		BEA2E70F2E3D9870006C4F74 /* Project object */ = {
			isa = PBXProject;
			attributes = {
				BuildIndependentTargetsInParallel = 1;
				LastSwiftUpdateCheck = 1640;
				LastUpgradeCheck = 1540;
				TargetAttributes = {
					BE33F2FA2E69228E00D3E7CC = {
						CreatedOnToolsVersion = 16.4;
					};
					BEA2E7162E3D9870006C4F74 = {
						CreatedOnToolsVersion = 15.4;
					};
					BEA2E7272E3D9872006C4F74 = {
						CreatedOnToolsVersion = 15.4;
						TestTargetID = BEA2E7162E3D9870006C4F74;
					};
					BEA2E7312E3D9872006C4F74 = {
						CreatedOnToolsVersion = 15.4;
						TestTargetID = BEA2E7162E3D9870006C4F74;
					};
				};
			};
			buildConfigurationList = BEA2E7122E3D9870006C4F74 /* Build configuration list for PBXProject "wonderminute" */;
			compatibilityVersion = "Xcode 14.0";
			developmentRegion = en;
			hasScannedForEncodings = 0;
			knownRegions = (
				en,
				Base,
			);
			mainGroup = BEA2E70E2E3D9870006C4F74;
			packageReferences = (
				BEE5C0142E3DC59C005310A7 /* XCRemoteSwiftPackageReference "kakao-ios-sdk" */,
				BEE6271A2E40787400BE3D81 /* XCRemoteSwiftPackageReference "firebase-ios-sdk" */,
				BE0ABF6D2E46E6C9001268BD /* XCRemoteSwiftPackageReference "AgoraRtcEngine_iOS" */,
			);
			productRefGroup = BEA2E7182E3D9870006C4F74 /* Products */;
			projectDirPath = "";
			projectRoot = "";
			targets = (
				BEA2E7162E3D9870006C4F74 /* wonderminute */,
				BEA2E7272E3D9872006C4F74 /* wonderminuteTests */,
				BEA2E7312E3D9872006C4F74 /* wonderminuteUITests */,
				BE33F2FA2E69228E00D3E7CC /* NotificationService */,
			);
		};
/* End PBXProject section */

/* Begin PBXResourcesBuildPhase section */
		BE33F2F92E69228E00D3E7CC /* Resources */ = {
			isa = PBXResourcesBuildPhase;
			buildActionMask = 2147483647;
			files = (
			);
			runOnlyForDeploymentPostprocessing = 0;
		};
		BEA2E7152E3D9870006C4F74 /* Resources */ = {
			isa = PBXResourcesBuildPhase;
			buildActionMask = 2147483647;
			files = (
				BEA2E7232E3D9872006C4F74 /* Preview Assets.xcassets in Resources */,
				BEA2E71F2E3D9872006C4F74 /* Assets.xcassets in Resources */,
				BE8B6ABA2E547197002A9143 /* GoogleService-Info.plist in Resources */,
			);
			runOnlyForDeploymentPostprocessing = 0;
		};
		BEA2E7262E3D9872006C4F74 /* Resources */ = {
			isa = PBXResourcesBuildPhase;
			buildActionMask = 2147483647;
			files = (
			);
			runOnlyForDeploymentPostprocessing = 0;
		};
		BEA2E7302E3D9872006C4F74 /* Resources */ = {
			isa = PBXResourcesBuildPhase;
			buildActionMask = 2147483647;
			files = (
			);
			runOnlyForDeploymentPostprocessing = 0;
		};
/* End PBXResourcesBuildPhase section */

/* Begin PBXSourcesBuildPhase section */
		BE33F2F72E69228E00D3E7CC /* Sources */ = {
			isa = PBXSourcesBuildPhase;
			buildActionMask = 2147483647;
			files = (
			);
			runOnlyForDeploymentPostprocessing = 0;
		};
		BEA2E7132E3D9870006C4F74 /* Sources */ = {
			isa = PBXSourcesBuildPhase;
			buildActionMask = 2147483647;
			files = (
				BE0ABF6C2E46D5FF001268BD /* FunctionsAPI.swift in Sources */,
				BEA9542C2E5FE10800DA22D5 /* LiveChatService.swift in Sources */,
				BE0ABF952E46E918001268BD /* CallEngine.swift in Sources */,
				BE8B6AB42E5360A2002A9143 /* UserOnboardingVM.swift in Sources */,
				BE0ABF972E46E936001268BD /* MatchWatcher.swift in Sources */,
				BE0ABFB12E51C6B9001268BD /* ProfileCenterView.swift in Sources */,
				BE8B6AB02E534E55002A9143 /* ChatListView.swift in Sources */,
				BE0ABFA92E506BDE001268BD /* WMButtonStyle.swift in Sources */,
				BE0ABF992E46EA29001268BD /* CallingView.swift in Sources */,
				BEE627522E41C24600BE3D81 /* MatchingView.swift in Sources */,
				BEE6274A2E41786F00BE3D81 /* KakaoAuthManager.swift in Sources */,
				BE8B6AB62E545626002A9143 /* PhoneVerifyVM.swift in Sources */,
				BEE5C0182E3DC627005310A7 /* AppDelegate.swift in Sources */,
				BEA2E74E2E3D9B43006C4F74 /* AppState.swift in Sources */,
				BEE627562E41C2E000BE3D81 /* MatchedView.swift in Sources */,
				BEA2E71B2E3D9870006C4F74 /* wonderminuteApp.swift in Sources */,
				BEE627502E418F2200BE3D81 /* ProfileView.swift in Sources */,
				BE01B00E2E6408CA00A6890B /* SuspendedGateView.swift in Sources */,
				BEA2E74C2E3D9B36006C4F74 /* UserInfoView.swift in Sources */,
				BEE5C0242E3DD8BC005310A7 /* RootView.swift in Sources */,
				BE0ABF9B2E4A3A89001268BD /* Color.swift in Sources */,
				BEA2E7482E3D9B19006C4F74 /* IntroAnimationView.swift in Sources */,
				BEA9542E2E5FE14E00DA22D5 /* LiveSupportIntroView.swift in Sources */,
				BE0ABFA72E506BD0001268BD /* GradientBackground.swift in Sources */,
				BE8B6AB22E535D1A002A9143 /* AuthManager.swift in Sources */,
				BE485C5D2E6296AC0049F1AA /* SafetyCenter.swift in Sources */,
				BE0ABFA22E506BA2001268BD /* AppTheme.swift in Sources */,
				BEA954342E5FE2D800DA22D5 /* CounselorChatView.swift in Sources */,
				BEE6274E2E418F1600BE3D81 /* CallView.swift in Sources */,
				BE0ABFA42E506BB4001268BD /* Color+Hex.swift in Sources */,
				BEA954322E5FE18A00DA22D5 /* CounselorInboxView.swift in Sources */,
				BEA954302E5FE16600DA22D5 /* LiveChatSessionView.swift in Sources */,
				BE485C5F2E629F800049F1AA /* ReportedUsersMonitorView.swift in Sources */,
				BEA2E7462E3D9AC8006C4F74 /* WelcomeView.swift in Sources */,
				BE0ABFB32E51CA06001268BD /* Option.swift in Sources */,
				BEA2E74A2E3D9B28006C4F74 /* LoginView.swift in Sources */,
				BE8B6ABC2E5769EE002A9143 /* CallDiag.swift in Sources */,
				BE0ABFAD2E506E06001268BD /* IntroSplashView.swift in Sources */,
				BE0ABFAB2E506BF4001268BD /* WonderPhoneIcon.swift in Sources */,
				BE8B6AB82E545640002A9143 /* PhoneVerifyView.swift in Sources */,
				BE0ABF9D2E4AE174001268BD /* CallLifecycle.swift in Sources */,
				BE8B6AAE2E534E42002A9143 /* CallHistoryView.swift in Sources */,
				BEE627542E41C26600BE3D81 /* MatchingManager.swift in Sources */,
				BEE6274C2E418EF900BE3D81 /* MainTabView.swift in Sources */,
				BE0ABF9F2E4C49A8001268BD /* CallSessionVM.swift in Sources */,
				BE936FB62E66EC9B001FAA0F /* ChatRoomView.swift in Sources */,
			);
			runOnlyForDeploymentPostprocessing = 0;
		};
		BEA2E7242E3D9872006C4F74 /* Sources */ = {
			isa = PBXSourcesBuildPhase;
			buildActionMask = 2147483647;
			files = (
				BEA2E72D2E3D9872006C4F74 /* wonderminuteTests.swift in Sources */,
			);
			runOnlyForDeploymentPostprocessing = 0;
		};
		BEA2E72E2E3D9872006C4F74 /* Sources */ = {
			isa = PBXSourcesBuildPhase;
			buildActionMask = 2147483647;
			files = (
				BEA2E7372E3D9872006C4F74 /* wonderminuteUITests.swift in Sources */,
				BEA2E7392E3D9872006C4F74 /* wonderminuteUITestsLaunchTests.swift in Sources */,
			);
			runOnlyForDeploymentPostprocessing = 0;
		};
/* End PBXSourcesBuildPhase section */

/* Begin PBXTargetDependency section */
		BE33F3012E69228E00D3E7CC /* PBXTargetDependency */ = {
			isa = PBXTargetDependency;
			target = BE33F2FA2E69228E00D3E7CC /* NotificationService */;
			targetProxy = BE33F3002E69228E00D3E7CC /* PBXContainerItemProxy */;
		};
		BEA2E72A2E3D9872006C4F74 /* PBXTargetDependency */ = {
			isa = PBXTargetDependency;
			target = BEA2E7162E3D9870006C4F74 /* wonderminute */;
			targetProxy = BEA2E7292E3D9872006C4F74 /* PBXContainerItemProxy */;
		};
		BEA2E7342E3D9872006C4F74 /* PBXTargetDependency */ = {
			isa = PBXTargetDependency;
			target = BEA2E7162E3D9870006C4F74 /* wonderminute */;
			targetProxy = BEA2E7332E3D9872006C4F74 /* PBXContainerItemProxy */;
		};
/* End PBXTargetDependency section */

/* Begin XCBuildConfiguration section */
		BE33F3042E69228E00D3E7CC /* Debug */ = {
			isa = XCBuildConfiguration;
			buildSettings = {
				CODE_SIGN_IDENTITY = "Apple Development";
				CODE_SIGN_STYLE = Automatic;
				CURRENT_PROJECT_VERSION = 1;
				DEVELOPMENT_TEAM = 9LM3A69TA4;
				GENERATE_INFOPLIST_FILE = YES;
				INFOPLIST_FILE = NotificationService/Info.plist;
				INFOPLIST_KEY_CFBundleDisplayName = NotificationService;
				INFOPLIST_KEY_NSHumanReadableCopyright = "";
				IPHONEOS_DEPLOYMENT_TARGET = 15.6;
				LD_RUNPATH_SEARCH_PATHS = (
					"$(inherited)",
					"@executable_path/Frameworks",
					"@executable_path/../../Frameworks",
				);
				MARKETING_VERSION = 1.0;
				PRODUCT_BUNDLE_IDENTIFIER = com.yeongdaekim.wonderminute.NotificationService;
				PRODUCT_NAME = "$(TARGET_NAME)";
				SDKROOT = iphoneos;
				SKIP_INSTALL = YES;
				SWIFT_EMIT_LOC_STRINGS = YES;
				SWIFT_VERSION = 5.0;
				TARGETED_DEVICE_FAMILY = "1,2";
			};
			name = Debug;
		};
		BE33F3052E69228E00D3E7CC /* Release */ = {
			isa = XCBuildConfiguration;
			buildSettings = {
				CODE_SIGN_IDENTITY = "Apple Development";
				CODE_SIGN_STYLE = Automatic;
				CURRENT_PROJECT_VERSION = 1;
				DEVELOPMENT_TEAM = 9LM3A69TA4;
				GENERATE_INFOPLIST_FILE = YES;
				INFOPLIST_FILE = NotificationService/Info.plist;
				INFOPLIST_KEY_CFBundleDisplayName = NotificationService;
				INFOPLIST_KEY_NSHumanReadableCopyright = "";
				IPHONEOS_DEPLOYMENT_TARGET = 15.6;
				LD_RUNPATH_SEARCH_PATHS = (
					"$(inherited)",
					"@executable_path/Frameworks",
					"@executable_path/../../Frameworks",
				);
				MARKETING_VERSION = 1.0;
				PRODUCT_BUNDLE_IDENTIFIER = com.yeongdaekim.wonderminute.NotificationService;
				PRODUCT_NAME = "$(TARGET_NAME)";
				SDKROOT = iphoneos;
				SKIP_INSTALL = YES;
				SWIFT_EMIT_LOC_STRINGS = YES;
				SWIFT_VERSION = 5.0;
				TARGETED_DEVICE_FAMILY = "1,2";
				VALIDATE_PRODUCT = YES;
			};
			name = Release;
		};
		BEA2E73A2E3D9872006C4F74 /* Debug */ = {
			isa = XCBuildConfiguration;
			buildSettings = {
				ALWAYS_SEARCH_USER_PATHS = NO;
				ASSETCATALOG_COMPILER_GENERATE_SWIFT_ASSET_SYMBOL_EXTENSIONS = YES;
				CLANG_ANALYZER_NONNULL = YES;
				CLANG_ANALYZER_NUMBER_OBJECT_CONVERSION = YES_AGGRESSIVE;
				CLANG_CXX_LANGUAGE_STANDARD = "gnu++20";
				CLANG_ENABLE_MODULES = YES;
				CLANG_ENABLE_OBJC_ARC = YES;
				CLANG_ENABLE_OBJC_WEAK = YES;
				CLANG_WARN_BLOCK_CAPTURE_AUTORELEASING = YES;
				CLANG_WARN_BOOL_CONVERSION = YES;
				CLANG_WARN_COMMA = YES;
				CLANG_WARN_CONSTANT_CONVERSION = YES;
				CLANG_WARN_DEPRECATED_OBJC_IMPLEMENTATIONS = YES;
				CLANG_WARN_DIRECT_OBJC_ISA_USAGE = YES_ERROR;
				CLANG_WARN_DOCUMENTATION_COMMENTS = YES;
				CLANG_WARN_EMPTY_BODY = YES;
				CLANG_WARN_ENUM_CONVERSION = YES;
				CLANG_WARN_INFINITE_RECURSION = YES;
				CLANG_WARN_INT_CONVERSION = YES;
				CLANG_WARN_NON_LITERAL_NULL_CONVERSION = YES;
				CLANG_WARN_OBJC_IMPLICIT_RETAIN_SELF = YES;
				CLANG_WARN_OBJC_LITERAL_CONVERSION = YES;
				CLANG_WARN_OBJC_ROOT_CLASS = YES_ERROR;
				CLANG_WARN_QUOTED_INCLUDE_IN_FRAMEWORK_HEADER = YES;
				CLANG_WARN_RANGE_LOOP_ANALYSIS = YES;
				CLANG_WARN_STRICT_PROTOTYPES = YES;
				CLANG_WARN_SUSPICIOUS_MOVE = YES;
				CLANG_WARN_UNGUARDED_AVAILABILITY = YES_AGGRESSIVE;
				CLANG_WARN_UNREACHABLE_CODE = YES;
				CLANG_WARN__DUPLICATE_METHOD_MATCH = YES;
				COPY_PHASE_STRIP = NO;
				DEBUG_INFORMATION_FORMAT = dwarf;
				ENABLE_STRICT_OBJC_MSGSEND = YES;
				ENABLE_TESTABILITY = YES;
				ENABLE_USER_SCRIPT_SANDBOXING = YES;
				GCC_C_LANGUAGE_STANDARD = gnu17;
				GCC_DYNAMIC_NO_PIC = NO;
				GCC_NO_COMMON_BLOCKS = YES;
				GCC_OPTIMIZATION_LEVEL = 0;
				GCC_PREPROCESSOR_DEFINITIONS = (
					"DEBUG=1",
					"$(inherited)",
				);
				GCC_WARN_64_TO_32_BIT_CONVERSION = YES;
				GCC_WARN_ABOUT_RETURN_TYPE = YES_ERROR;
				GCC_WARN_UNDECLARED_SELECTOR = YES;
				GCC_WARN_UNINITIALIZED_AUTOS = YES_AGGRESSIVE;
				GCC_WARN_UNUSED_FUNCTION = YES;
				GCC_WARN_UNUSED_VARIABLE = YES;
				LOCALIZATION_PREFERS_STRING_CATALOGS = YES;
				MTL_ENABLE_DEBUG_INFO = INCLUDE_SOURCE;
				MTL_FAST_MATH = YES;
				ONLY_ACTIVE_ARCH = YES;
				SWIFT_ACTIVE_COMPILATION_CONDITIONS = "DEBUG $(inherited)";
				SWIFT_OPTIMIZATION_LEVEL = "-Onone";
			};
			name = Debug;
		};
		BEA2E73B2E3D9872006C4F74 /* Release */ = {
			isa = XCBuildConfiguration;
			buildSettings = {
				ALWAYS_SEARCH_USER_PATHS = NO;
				ASSETCATALOG_COMPILER_GENERATE_SWIFT_ASSET_SYMBOL_EXTENSIONS = YES;
				CLANG_ANALYZER_NONNULL = YES;
				CLANG_ANALYZER_NUMBER_OBJECT_CONVERSION = YES_AGGRESSIVE;
				CLANG_CXX_LANGUAGE_STANDARD = "gnu++20";
				CLANG_ENABLE_MODULES = YES;
				CLANG_ENABLE_OBJC_ARC = YES;
				CLANG_ENABLE_OBJC_WEAK = YES;
				CLANG_WARN_BLOCK_CAPTURE_AUTORELEASING = YES;
				CLANG_WARN_BOOL_CONVERSION = YES;
				CLANG_WARN_COMMA = YES;
				CLANG_WARN_CONSTANT_CONVERSION = YES;
				CLANG_WARN_DEPRECATED_OBJC_IMPLEMENTATIONS = YES;
				CLANG_WARN_DIRECT_OBJC_ISA_USAGE = YES_ERROR;
				CLANG_WARN_DOCUMENTATION_COMMENTS = YES;
				CLANG_WARN_EMPTY_BODY = YES;
				CLANG_WARN_ENUM_CONVERSION = YES;
				CLANG_WARN_INFINITE_RECURSION = YES;
				CLANG_WARN_INT_CONVERSION = YES;
				CLANG_WARN_NON_LITERAL_NULL_CONVERSION = YES;
				CLANG_WARN_OBJC_IMPLICIT_RETAIN_SELF = YES;
				CLANG_WARN_OBJC_LITERAL_CONVERSION = YES;
				CLANG_WARN_OBJC_ROOT_CLASS = YES_ERROR;
				CLANG_WARN_QUOTED_INCLUDE_IN_FRAMEWORK_HEADER = YES;
				CLANG_WARN_RANGE_LOOP_ANALYSIS = YES;
				CLANG_WARN_STRICT_PROTOTYPES = YES;
				CLANG_WARN_SUSPICIOUS_MOVE = YES;
				CLANG_WARN_UNGUARDED_AVAILABILITY = YES_AGGRESSIVE;
				CLANG_WARN_UNREACHABLE_CODE = YES;
				CLANG_WARN__DUPLICATE_METHOD_MATCH = YES;
				COPY_PHASE_STRIP = NO;
				DEBUG_INFORMATION_FORMAT = "dwarf-with-dsym";
				ENABLE_NS_ASSERTIONS = NO;
				ENABLE_STRICT_OBJC_MSGSEND = YES;
				ENABLE_USER_SCRIPT_SANDBOXING = YES;
				GCC_C_LANGUAGE_STANDARD = gnu17;
				GCC_NO_COMMON_BLOCKS = YES;
				GCC_WARN_64_TO_32_BIT_CONVERSION = YES;
				GCC_WARN_ABOUT_RETURN_TYPE = YES_ERROR;
				GCC_WARN_UNDECLARED_SELECTOR = YES;
				GCC_WARN_UNINITIALIZED_AUTOS = YES_AGGRESSIVE;
				GCC_WARN_UNUSED_FUNCTION = YES;
				GCC_WARN_UNUSED_VARIABLE = YES;
				LOCALIZATION_PREFERS_STRING_CATALOGS = YES;
				MTL_ENABLE_DEBUG_INFO = NO;
				MTL_FAST_MATH = YES;
				SWIFT_COMPILATION_MODE = wholemodule;
			};
			name = Release;
		};
		BEA2E73D2E3D9872006C4F74 /* Debug */ = {
			isa = XCBuildConfiguration;
			buildSettings = {
				ASSETCATALOG_COMPILER_APPICON_NAME = AppIcon;
				ASSETCATALOG_COMPILER_GLOBAL_ACCENT_COLOR_NAME = AccentColor;
				CODE_SIGN_ENTITLEMENTS = wonderminute/wonderminute.entitlements;
				CODE_SIGN_IDENTITY = "Apple Development";
				CODE_SIGN_STYLE = Automatic;
				CURRENT_PROJECT_VERSION = 16;
				DEVELOPMENT_ASSET_PATHS = "\"wonderminute/Preview Content\"";
				DEVELOPMENT_TEAM = 9LM3A69TA4;
				ENABLE_HARDENED_RUNTIME = YES;
				ENABLE_PREVIEWS = YES;
				GENERATE_INFOPLIST_FILE = NO;
				INFOPLIST_FILE = wonderminute/Info.plist;
				"INFOPLIST_KEY_UIApplicationSceneManifest_Generation[sdk=iphoneos*]" = YES;
				"INFOPLIST_KEY_UIApplicationSceneManifest_Generation[sdk=iphonesimulator*]" = YES;
				"INFOPLIST_KEY_UIApplicationSupportsIndirectInputEvents[sdk=iphoneos*]" = YES;
				"INFOPLIST_KEY_UIApplicationSupportsIndirectInputEvents[sdk=iphonesimulator*]" = YES;
				"INFOPLIST_KEY_UILaunchScreen_Generation[sdk=iphoneos*]" = YES;
				"INFOPLIST_KEY_UILaunchScreen_Generation[sdk=iphonesimulator*]" = YES;
				"INFOPLIST_KEY_UIStatusBarStyle[sdk=iphoneos*]" = UIStatusBarStyleDefault;
				"INFOPLIST_KEY_UIStatusBarStyle[sdk=iphonesimulator*]" = UIStatusBarStyleDefault;
				INFOPLIST_KEY_UISupportedInterfaceOrientations_iPad = "UIInterfaceOrientationPortrait UIInterfaceOrientationPortraitUpsideDown UIInterfaceOrientationLandscapeLeft UIInterfaceOrientationLandscapeRight";
				INFOPLIST_KEY_UISupportedInterfaceOrientations_iPhone = "UIInterfaceOrientationPortrait UIInterfaceOrientationLandscapeLeft UIInterfaceOrientationLandscapeRight";
				IPHONEOS_DEPLOYMENT_TARGET = 17.5;
				LD_RUNPATH_SEARCH_PATHS = "@executable_path/Frameworks";
				"LD_RUNPATH_SEARCH_PATHS[sdk=macosx*]" = "@executable_path/../Frameworks";
				MACOSX_DEPLOYMENT_TARGET = 14.4;
				MARKETING_VERSION = 1.0;
				PRODUCT_BUNDLE_IDENTIFIER = com.yeongdaekim.wonderminute;
				PRODUCT_NAME = "$(TARGET_NAME)";
				PROVISIONING_PROFILE_SPECIFIER = "";
				SDKROOT = auto;
				SUPPORTED_PLATFORMS = "iphoneos iphonesimulator macosx";
				SWIFT_EMIT_LOC_STRINGS = YES;
				SWIFT_VERSION = 5.0;
				TARGETED_DEVICE_FAMILY = "1,2";
			};
			name = Debug;
		};
		BEA2E73E2E3D9872006C4F74 /* Release */ = {
			isa = XCBuildConfiguration;
			buildSettings = {
				ASSETCATALOG_COMPILER_APPICON_NAME = AppIcon;
				ASSETCATALOG_COMPILER_GLOBAL_ACCENT_COLOR_NAME = AccentColor;
				CODE_SIGN_ENTITLEMENTS = wonderminute/wonderminute.entitlements;
				CODE_SIGN_IDENTITY = "Apple Development";
				CODE_SIGN_STYLE = Automatic;
				CURRENT_PROJECT_VERSION = 16;
				DEVELOPMENT_ASSET_PATHS = "\"wonderminute/Preview Content\"";
				DEVELOPMENT_TEAM = 9LM3A69TA4;
				ENABLE_HARDENED_RUNTIME = YES;
				ENABLE_PREVIEWS = YES;
				GENERATE_INFOPLIST_FILE = NO;
				INFOPLIST_FILE = wonderminute/Info.plist;
				"INFOPLIST_KEY_UIApplicationSceneManifest_Generation[sdk=iphoneos*]" = YES;
				"INFOPLIST_KEY_UIApplicationSceneManifest_Generation[sdk=iphonesimulator*]" = YES;
				"INFOPLIST_KEY_UIApplicationSupportsIndirectInputEvents[sdk=iphoneos*]" = YES;
				"INFOPLIST_KEY_UIApplicationSupportsIndirectInputEvents[sdk=iphonesimulator*]" = YES;
				"INFOPLIST_KEY_UILaunchScreen_Generation[sdk=iphoneos*]" = YES;
				"INFOPLIST_KEY_UILaunchScreen_Generation[sdk=iphonesimulator*]" = YES;
				"INFOPLIST_KEY_UIStatusBarStyle[sdk=iphoneos*]" = UIStatusBarStyleDefault;
				"INFOPLIST_KEY_UIStatusBarStyle[sdk=iphonesimulator*]" = UIStatusBarStyleDefault;
				INFOPLIST_KEY_UISupportedInterfaceOrientations_iPad = "UIInterfaceOrientationPortrait UIInterfaceOrientationPortraitUpsideDown UIInterfaceOrientationLandscapeLeft UIInterfaceOrientationLandscapeRight";
				INFOPLIST_KEY_UISupportedInterfaceOrientations_iPhone = "UIInterfaceOrientationPortrait UIInterfaceOrientationLandscapeLeft UIInterfaceOrientationLandscapeRight";
				IPHONEOS_DEPLOYMENT_TARGET = 17.5;
				LD_RUNPATH_SEARCH_PATHS = "@executable_path/Frameworks";
				"LD_RUNPATH_SEARCH_PATHS[sdk=macosx*]" = "@executable_path/../Frameworks";
				MACOSX_DEPLOYMENT_TARGET = 14.4;
				MARKETING_VERSION = 1.0;
				PRODUCT_BUNDLE_IDENTIFIER = com.yeongdaekim.wonderminute;
				PRODUCT_NAME = "$(TARGET_NAME)";
				PROVISIONING_PROFILE_SPECIFIER = "";
				SDKROOT = auto;
				SUPPORTED_PLATFORMS = "iphoneos iphonesimulator macosx";
				SWIFT_EMIT_LOC_STRINGS = YES;
				SWIFT_VERSION = 5.0;
				TARGETED_DEVICE_FAMILY = "1,2";
			};
			name = Release;
		};
		BEA2E7402E3D9872006C4F74 /* Debug */ = {
			isa = XCBuildConfiguration;
			buildSettings = {
				ALWAYS_EMBED_SWIFT_STANDARD_LIBRARIES = YES;
				BUNDLE_LOADER = "$(TEST_HOST)";
				CODE_SIGN_STYLE = Automatic;
				CURRENT_PROJECT_VERSION = 1;
				DEVELOPMENT_TEAM = 9LM3A69TA4;
				GENERATE_INFOPLIST_FILE = YES;
				IPHONEOS_DEPLOYMENT_TARGET = 17.5;
				MACOSX_DEPLOYMENT_TARGET = 14.4;
				MARKETING_VERSION = 1.0;
				PRODUCT_BUNDLE_IDENTIFIER = com.yeongdaekim.wonderminuteTests;
				PRODUCT_NAME = "$(TARGET_NAME)";
				SDKROOT = auto;
				SUPPORTED_PLATFORMS = "iphoneos iphonesimulator macosx";
				SWIFT_EMIT_LOC_STRINGS = NO;
				SWIFT_VERSION = 5.0;
				TARGETED_DEVICE_FAMILY = "1,2";
				TEST_HOST = "$(BUILT_PRODUCTS_DIR)/wonderminute.app/$(BUNDLE_EXECUTABLE_FOLDER_PATH)/wonderminute";
			};
			name = Debug;
		};
		BEA2E7412E3D9872006C4F74 /* Release */ = {
			isa = XCBuildConfiguration;
			buildSettings = {
				ALWAYS_EMBED_SWIFT_STANDARD_LIBRARIES = YES;
				BUNDLE_LOADER = "$(TEST_HOST)";
				CODE_SIGN_STYLE = Automatic;
				CURRENT_PROJECT_VERSION = 1;
				DEVELOPMENT_TEAM = 9LM3A69TA4;
				GENERATE_INFOPLIST_FILE = YES;
				IPHONEOS_DEPLOYMENT_TARGET = 17.5;
				MACOSX_DEPLOYMENT_TARGET = 14.4;
				MARKETING_VERSION = 1.0;
				PRODUCT_BUNDLE_IDENTIFIER = com.yeongdaekim.wonderminuteTests;
				PRODUCT_NAME = "$(TARGET_NAME)";
				SDKROOT = auto;
				SUPPORTED_PLATFORMS = "iphoneos iphonesimulator macosx";
				SWIFT_EMIT_LOC_STRINGS = NO;
				SWIFT_VERSION = 5.0;
				TARGETED_DEVICE_FAMILY = "1,2";
				TEST_HOST = "$(BUILT_PRODUCTS_DIR)/wonderminute.app/$(BUNDLE_EXECUTABLE_FOLDER_PATH)/wonderminute";
			};
			name = Release;
		};
		BEA2E7432E3D9872006C4F74 /* Debug */ = {
			isa = XCBuildConfiguration;
			buildSettings = {
				ALWAYS_EMBED_SWIFT_STANDARD_LIBRARIES = YES;
				CODE_SIGN_STYLE = Automatic;
				CURRENT_PROJECT_VERSION = 1;
				DEVELOPMENT_TEAM = 9LM3A69TA4;
				GENERATE_INFOPLIST_FILE = YES;
				IPHONEOS_DEPLOYMENT_TARGET = 17.5;
				MACOSX_DEPLOYMENT_TARGET = 14.4;
				MARKETING_VERSION = 1.0;
				PRODUCT_BUNDLE_IDENTIFIER = com.yeongdaekim.wonderminuteUITests;
				PRODUCT_NAME = "$(TARGET_NAME)";
				SDKROOT = auto;
				SUPPORTED_PLATFORMS = "iphoneos iphonesimulator macosx";
				SWIFT_EMIT_LOC_STRINGS = NO;
				SWIFT_VERSION = 5.0;
				TARGETED_DEVICE_FAMILY = "1,2";
				TEST_TARGET_NAME = wonderminute;
			};
			name = Debug;
		};
		BEA2E7442E3D9872006C4F74 /* Release */ = {
			isa = XCBuildConfiguration;
			buildSettings = {
				ALWAYS_EMBED_SWIFT_STANDARD_LIBRARIES = YES;
				CODE_SIGN_STYLE = Automatic;
				CURRENT_PROJECT_VERSION = 1;
				DEVELOPMENT_TEAM = 9LM3A69TA4;
				GENERATE_INFOPLIST_FILE = YES;
				IPHONEOS_DEPLOYMENT_TARGET = 17.5;
				MACOSX_DEPLOYMENT_TARGET = 14.4;
				MARKETING_VERSION = 1.0;
				PRODUCT_BUNDLE_IDENTIFIER = com.yeongdaekim.wonderminuteUITests;
				PRODUCT_NAME = "$(TARGET_NAME)";
				SDKROOT = auto;
				SUPPORTED_PLATFORMS = "iphoneos iphonesimulator macosx";
				SWIFT_EMIT_LOC_STRINGS = NO;
				SWIFT_VERSION = 5.0;
				TARGETED_DEVICE_FAMILY = "1,2";
				TEST_TARGET_NAME = wonderminute;
			};
			name = Release;
		};
/* End XCBuildConfiguration section */

/* Begin XCConfigurationList section */
		BE33F3072E69228E00D3E7CC /* Build configuration list for PBXNativeTarget "NotificationService" */ = {
			isa = XCConfigurationList;
			buildConfigurations = (
				BE33F3042E69228E00D3E7CC /* Debug */,
				BE33F3052E69228E00D3E7CC /* Release */,
			);
			defaultConfigurationIsVisible = 0;
			defaultConfigurationName = Release;
		};
		BEA2E7122E3D9870006C4F74 /* Build configuration list for PBXProject "wonderminute" */ = {
			isa = XCConfigurationList;
			buildConfigurations = (
				BEA2E73A2E3D9872006C4F74 /* Debug */,
				BEA2E73B2E3D9872006C4F74 /* Release */,
			);
			defaultConfigurationIsVisible = 0;
			defaultConfigurationName = Release;
		};
		BEA2E73C2E3D9872006C4F74 /* Build configuration list for PBXNativeTarget "wonderminute" */ = {
			isa = XCConfigurationList;
			buildConfigurations = (
				BEA2E73D2E3D9872006C4F74 /* Debug */,
				BEA2E73E2E3D9872006C4F74 /* Release */,
			);
			defaultConfigurationIsVisible = 0;
			defaultConfigurationName = Release;
		};
		BEA2E73F2E3D9872006C4F74 /* Build configuration list for PBXNativeTarget "wonderminuteTests" */ = {
			isa = XCConfigurationList;
			buildConfigurations = (
				BEA2E7402E3D9872006C4F74 /* Debug */,
				BEA2E7412E3D9872006C4F74 /* Release */,
			);
			defaultConfigurationIsVisible = 0;
			defaultConfigurationName = Release;
		};
		BEA2E7422E3D9872006C4F74 /* Build configuration list for PBXNativeTarget "wonderminuteUITests" */ = {
			isa = XCConfigurationList;
			buildConfigurations = (
				BEA2E7432E3D9872006C4F74 /* Debug */,
				BEA2E7442E3D9872006C4F74 /* Release */,
			);
			defaultConfigurationIsVisible = 0;
			defaultConfigurationName = Release;
		};
/* End XCConfigurationList section */

/* Begin XCRemoteSwiftPackageReference section */
		BE0ABF6D2E46E6C9001268BD /* XCRemoteSwiftPackageReference "AgoraRtcEngine_iOS" */ = {
			isa = XCRemoteSwiftPackageReference;
			repositoryURL = "https://github.com/AgoraIO/AgoraRtcEngine_iOS";
			requirement = {
				kind = upToNextMajorVersion;
				minimumVersion = 4.5.2;
			};
		};
		BEE5C0142E3DC59C005310A7 /* XCRemoteSwiftPackageReference "kakao-ios-sdk" */ = {
			isa = XCRemoteSwiftPackageReference;
			repositoryURL = "https://github.com/kakao/kakao-ios-sdk";
			requirement = {
				kind = upToNextMajorVersion;
				minimumVersion = 2.24.6;
			};
		};
		BEE6271A2E40787400BE3D81 /* XCRemoteSwiftPackageReference "firebase-ios-sdk" */ = {
			isa = XCRemoteSwiftPackageReference;
			repositoryURL = "https://github.com/firebase/firebase-ios-sdk";
			requirement = {
				kind = upToNextMajorVersion;
				minimumVersion = 12.0.0;
			};
		};
/* End XCRemoteSwiftPackageReference section */

/* Begin XCSwiftPackageProductDependency section */
		BE0ABF6E2E46E6CA001268BD /* AIAEC */ = {
			isa = XCSwiftPackageProductDependency;
			package = BE0ABF6D2E46E6C9001268BD /* XCRemoteSwiftPackageReference "AgoraRtcEngine_iOS" */;
			productName = AIAEC;
		};
		BE0ABF702E46E6CA001268BD /* AIAECLL */ = {
			isa = XCSwiftPackageProductDependency;
			package = BE0ABF6D2E46E6C9001268BD /* XCRemoteSwiftPackageReference "AgoraRtcEngine_iOS" */;
			productName = AIAECLL;
		};
		BE0ABF722E46E6CA001268BD /* AINS */ = {
			isa = XCSwiftPackageProductDependency;
			package = BE0ABF6D2E46E6C9001268BD /* XCRemoteSwiftPackageReference "AgoraRtcEngine_iOS" */;
			productName = AINS;
		};
		BE0ABF742E46E6CA001268BD /* AINSLL */ = {
			isa = XCSwiftPackageProductDependency;
			package = BE0ABF6D2E46E6C9001268BD /* XCRemoteSwiftPackageReference "AgoraRtcEngine_iOS" */;
			productName = AINSLL;
		};
		BE0ABF762E46E6CA001268BD /* AudioBeauty */ = {
			isa = XCSwiftPackageProductDependency;
			package = BE0ABF6D2E46E6C9001268BD /* XCRemoteSwiftPackageReference "AgoraRtcEngine_iOS" */;
			productName = AudioBeauty;
		};
		BE0ABF782E46E6CA001268BD /* ClearVision */ = {
			isa = XCSwiftPackageProductDependency;
			package = BE0ABF6D2E46E6C9001268BD /* XCRemoteSwiftPackageReference "AgoraRtcEngine_iOS" */;
			productName = ClearVision;
		};
		BE0ABF7A2E46E6CA001268BD /* ContentInspect */ = {
			isa = XCSwiftPackageProductDependency;
			package = BE0ABF6D2E46E6C9001268BD /* XCRemoteSwiftPackageReference "AgoraRtcEngine_iOS" */;
			productName = ContentInspect;
		};
		BE0ABF7C2E46E6CA001268BD /* FaceCapture */ = {
			isa = XCSwiftPackageProductDependency;
			package = BE0ABF6D2E46E6C9001268BD /* XCRemoteSwiftPackageReference "AgoraRtcEngine_iOS" */;
			productName = FaceCapture;
		};
		BE0ABF7E2E46E6CA001268BD /* FaceDetection */ = {
			isa = XCSwiftPackageProductDependency;
			package = BE0ABF6D2E46E6C9001268BD /* XCRemoteSwiftPackageReference "AgoraRtcEngine_iOS" */;
			productName = FaceDetection;
		};
		BE0ABF802E46E6CA001268BD /* LipSync */ = {
			isa = XCSwiftPackageProductDependency;
			package = BE0ABF6D2E46E6C9001268BD /* XCRemoteSwiftPackageReference "AgoraRtcEngine_iOS" */;
			productName = LipSync;
		};
		BE0ABF822E46E6CA001268BD /* ReplayKit */ = {
			isa = XCSwiftPackageProductDependency;
			package = BE0ABF6D2E46E6C9001268BD /* XCRemoteSwiftPackageReference "AgoraRtcEngine_iOS" */;
			productName = ReplayKit;
		};
		BE0ABF842E46E6CA001268BD /* RtcBasic */ = {
			isa = XCSwiftPackageProductDependency;
			package = BE0ABF6D2E46E6C9001268BD /* XCRemoteSwiftPackageReference "AgoraRtcEngine_iOS" */;
			productName = RtcBasic;
		};
		BE0ABF862E46E6CA001268BD /* SpatialAudio */ = {
			isa = XCSwiftPackageProductDependency;
			package = BE0ABF6D2E46E6C9001268BD /* XCRemoteSwiftPackageReference "AgoraRtcEngine_iOS" */;
			productName = SpatialAudio;
		};
		BE0ABF882E46E6CA001268BD /* VQA */ = {
			isa = XCSwiftPackageProductDependency;
			package = BE0ABF6D2E46E6C9001268BD /* XCRemoteSwiftPackageReference "AgoraRtcEngine_iOS" */;
			productName = VQA;
		};
		BE0ABF8A2E46E6CA001268BD /* VideoAv1CodecDec */ = {
			isa = XCSwiftPackageProductDependency;
			package = BE0ABF6D2E46E6C9001268BD /* XCRemoteSwiftPackageReference "AgoraRtcEngine_iOS" */;
			productName = VideoAv1CodecDec;
		};
		BE0ABF8C2E46E6CA001268BD /* VideoAv1CodecEnc */ = {
			isa = XCSwiftPackageProductDependency;
			package = BE0ABF6D2E46E6C9001268BD /* XCRemoteSwiftPackageReference "AgoraRtcEngine_iOS" */;
			productName = VideoAv1CodecEnc;
		};
		BE0ABF8E2E46E6CA001268BD /* VideoCodecDec */ = {
			isa = XCSwiftPackageProductDependency;
			package = BE0ABF6D2E46E6C9001268BD /* XCRemoteSwiftPackageReference "AgoraRtcEngine_iOS" */;
			productName = VideoCodecDec;
		};
		BE0ABF902E46E6CA001268BD /* VideoCodecEnc */ = {
			isa = XCSwiftPackageProductDependency;
			package = BE0ABF6D2E46E6C9001268BD /* XCRemoteSwiftPackageReference "AgoraRtcEngine_iOS" */;
			productName = VideoCodecEnc;
		};
		BE0ABF922E46E6CA001268BD /* VirtualBackground */ = {
			isa = XCSwiftPackageProductDependency;
			package = BE0ABF6D2E46E6C9001268BD /* XCRemoteSwiftPackageReference "AgoraRtcEngine_iOS" */;
			productName = VirtualBackground;
		};
		BEE5C01D2E3DD0FB005310A7 /* KakaoSDKAuth */ = {
			isa = XCSwiftPackageProductDependency;
			package = BEE5C0142E3DC59C005310A7 /* XCRemoteSwiftPackageReference "kakao-ios-sdk" */;
			productName = KakaoSDKAuth;
		};
		BEE5C01F2E3DD0FB005310A7 /* KakaoSDKCommon */ = {
			isa = XCSwiftPackageProductDependency;
			package = BEE5C0142E3DC59C005310A7 /* XCRemoteSwiftPackageReference "kakao-ios-sdk" */;
			productName = KakaoSDKCommon;
		};
		BEE5C0212E3DD0FB005310A7 /* KakaoSDKUser */ = {
			isa = XCSwiftPackageProductDependency;
			package = BEE5C0142E3DC59C005310A7 /* XCRemoteSwiftPackageReference "kakao-ios-sdk" */;
			productName = KakaoSDKUser;
		};
		BEE6271B2E40787500BE3D81 /* FirebaseAI */ = {
			isa = XCSwiftPackageProductDependency;
			package = BEE6271A2E40787400BE3D81 /* XCRemoteSwiftPackageReference "firebase-ios-sdk" */;
			productName = FirebaseAI;
		};
		BEE6271D2E40787500BE3D81 /* FirebaseAnalytics */ = {
			isa = XCSwiftPackageProductDependency;
			package = BEE6271A2E40787400BE3D81 /* XCRemoteSwiftPackageReference "firebase-ios-sdk" */;
			productName = FirebaseAnalytics;
		};
		BEE6271F2E40787500BE3D81 /* FirebaseAnalyticsCore */ = {
			isa = XCSwiftPackageProductDependency;
			package = BEE6271A2E40787400BE3D81 /* XCRemoteSwiftPackageReference "firebase-ios-sdk" */;
			productName = FirebaseAnalyticsCore;
		};
		BEE627212E40787500BE3D81 /* FirebaseAnalyticsIdentitySupport */ = {
			isa = XCSwiftPackageProductDependency;
			package = BEE6271A2E40787400BE3D81 /* XCRemoteSwiftPackageReference "firebase-ios-sdk" */;
			productName = FirebaseAnalyticsIdentitySupport;
		};
		BEE627232E40787500BE3D81 /* FirebaseAppCheck */ = {
			isa = XCSwiftPackageProductDependency;
			package = BEE6271A2E40787400BE3D81 /* XCRemoteSwiftPackageReference "firebase-ios-sdk" */;
			productName = FirebaseAppCheck;
		};
		BEE627252E40787500BE3D81 /* FirebaseAppDistribution-Beta */ = {
			isa = XCSwiftPackageProductDependency;
			package = BEE6271A2E40787400BE3D81 /* XCRemoteSwiftPackageReference "firebase-ios-sdk" */;
			productName = "FirebaseAppDistribution-Beta";
		};
		BEE627272E40787500BE3D81 /* FirebaseAuth */ = {
			isa = XCSwiftPackageProductDependency;
			package = BEE6271A2E40787400BE3D81 /* XCRemoteSwiftPackageReference "firebase-ios-sdk" */;
			productName = FirebaseAuth;
		};
		BEE627292E40787500BE3D81 /* FirebaseAuthCombine-Community */ = {
			isa = XCSwiftPackageProductDependency;
			package = BEE6271A2E40787400BE3D81 /* XCRemoteSwiftPackageReference "firebase-ios-sdk" */;
			productName = "FirebaseAuthCombine-Community";
		};
		BEE6272B2E40787500BE3D81 /* FirebaseCore */ = {
			isa = XCSwiftPackageProductDependency;
			package = BEE6271A2E40787400BE3D81 /* XCRemoteSwiftPackageReference "firebase-ios-sdk" */;
			productName = FirebaseCore;
		};
		BEE6272D2E40787500BE3D81 /* FirebaseCrashlytics */ = {
			isa = XCSwiftPackageProductDependency;
			package = BEE6271A2E40787400BE3D81 /* XCRemoteSwiftPackageReference "firebase-ios-sdk" */;
			productName = FirebaseCrashlytics;
		};
		BEE6272F2E40787500BE3D81 /* FirebaseDatabase */ = {
			isa = XCSwiftPackageProductDependency;
			package = BEE6271A2E40787400BE3D81 /* XCRemoteSwiftPackageReference "firebase-ios-sdk" */;
			productName = FirebaseDatabase;
		};
		BEE627312E40787500BE3D81 /* FirebaseFirestore */ = {
			isa = XCSwiftPackageProductDependency;
			package = BEE6271A2E40787400BE3D81 /* XCRemoteSwiftPackageReference "firebase-ios-sdk" */;
			productName = FirebaseFirestore;
		};
		BEE627332E40787500BE3D81 /* FirebaseFirestoreCombine-Community */ = {
			isa = XCSwiftPackageProductDependency;
			package = BEE6271A2E40787400BE3D81 /* XCRemoteSwiftPackageReference "firebase-ios-sdk" */;
			productName = "FirebaseFirestoreCombine-Community";
		};
		BEE627352E40787500BE3D81 /* FirebaseFunctions */ = {
			isa = XCSwiftPackageProductDependency;
			package = BEE6271A2E40787400BE3D81 /* XCRemoteSwiftPackageReference "firebase-ios-sdk" */;
			productName = FirebaseFunctions;
		};
		BEE627372E40787500BE3D81 /* FirebaseFunctionsCombine-Community */ = {
			isa = XCSwiftPackageProductDependency;
			package = BEE6271A2E40787400BE3D81 /* XCRemoteSwiftPackageReference "firebase-ios-sdk" */;
			productName = "FirebaseFunctionsCombine-Community";
		};
		BEE627392E40787500BE3D81 /* FirebaseInAppMessaging-Beta */ = {
			isa = XCSwiftPackageProductDependency;
			package = BEE6271A2E40787400BE3D81 /* XCRemoteSwiftPackageReference "firebase-ios-sdk" */;
			productName = "FirebaseInAppMessaging-Beta";
		};
		BEE6273B2E40787500BE3D81 /* FirebaseInstallations */ = {
			isa = XCSwiftPackageProductDependency;
			package = BEE6271A2E40787400BE3D81 /* XCRemoteSwiftPackageReference "firebase-ios-sdk" */;
			productName = FirebaseInstallations;
		};
		BEE6273D2E40787500BE3D81 /* FirebaseMLModelDownloader */ = {
			isa = XCSwiftPackageProductDependency;
			package = BEE6271A2E40787400BE3D81 /* XCRemoteSwiftPackageReference "firebase-ios-sdk" */;
			productName = FirebaseMLModelDownloader;
		};
		BEE6273F2E40787500BE3D81 /* FirebaseMessaging */ = {
			isa = XCSwiftPackageProductDependency;
			package = BEE6271A2E40787400BE3D81 /* XCRemoteSwiftPackageReference "firebase-ios-sdk" */;
			productName = FirebaseMessaging;
		};
		BEE627412E40787500BE3D81 /* FirebasePerformance */ = {
			isa = XCSwiftPackageProductDependency;
			package = BEE6271A2E40787400BE3D81 /* XCRemoteSwiftPackageReference "firebase-ios-sdk" */;
			productName = FirebasePerformance;
		};
		BEE627432E40787500BE3D81 /* FirebaseRemoteConfig */ = {
			isa = XCSwiftPackageProductDependency;
			package = BEE6271A2E40787400BE3D81 /* XCRemoteSwiftPackageReference "firebase-ios-sdk" */;
			productName = FirebaseRemoteConfig;
		};
		BEE627452E40787500BE3D81 /* FirebaseStorage */ = {
			isa = XCSwiftPackageProductDependency;
			package = BEE6271A2E40787400BE3D81 /* XCRemoteSwiftPackageReference "firebase-ios-sdk" */;
			productName = FirebaseStorage;
		};
		BEE627472E40787500BE3D81 /* FirebaseStorageCombine-Community */ = {
			isa = XCSwiftPackageProductDependency;
			package = BEE6271A2E40787400BE3D81 /* XCRemoteSwiftPackageReference "firebase-ios-sdk" */;
			productName = "FirebaseStorageCombine-Community";
		};
/* End XCSwiftPackageProductDependency section */
	};
	rootObject = BEA2E70F2E3D9870006C4F74 /* Project object */;
}
